
Microsoft Visual Studio Solution File, Format Version 12.00
# Visual Studio 2012
Project("{FAE04EC0-301F-11D3-BF4B-00C04F79EFBC}") = "Neuron", "Neuron\Neuron.csproj", "{F38FD685-B4E6-40DA-B104-3850418CCB4D}"
EndProject
Project("{FAE04EC0-301F-11D3-BF4B-00C04F79EFBC}") = "NeuronTests", "NeuronTests\NeuronTests.csproj", "{B2244BDD-E65C-4DB4-BAC6-812F8BB9BE77}"
EndProject
Global
	GlobalSection(SolutionConfigurationPlatforms) = preSolution
		Debug|Any CPU = Debug|Any CPU
		Release|Any CPU = Release|Any CPU
	EndGlobalSection
	GlobalSection(ProjectConfigurationPlatforms) = postSolution
		{F38FD685-B4E6-40DA-B104-3850418CCB4D}.Debug|Any CPU.ActiveCfg = Debug|Any CPU
		{F38FD685-B4E6-40DA-B104-3850418CCB4D}.Debug|Any CPU.Build.0 = Debug|Any CPU
		{F38FD685-B4E6-40DA-B104-3850418CCB4D}.Release|Any CPU.ActiveCfg = Release|Any CPU
		{F38FD685-B4E6-40DA-B104-3850418CCB4D}.Release|Any CPU.Build.0 = Release|Any CPU
		{B2244BDD-E65C-4DB4-BAC6-812F8BB9BE77}.Debug|Any CPU.ActiveCfg = Debug|Any CPU
		{B2244BDD-E65C-4DB4-BAC6-812F8BB9BE77}.Debug|Any CPU.Build.0 = Debug|Any CPU
		{B2244BDD-E65C-4DB4-BAC6-812F8BB9BE77}.Release|Any CPU.ActiveCfg = Release|Any CPU
		{B2244BDD-E65C-4DB4-BAC6-812F8BB9BE77}.Release|Any CPU.Build.0 = Release|Any CPU
	EndGlobalSection
	GlobalSection(SolutionProperties) = preSolution
		HideSolutionNode = FALSE
	EndGlobalSection
EndGlobal
